// !$*UTF8*$!
{
	archiveVersion = 1;
	classes = {
	};
	objectVersion = 55;
	objects = {

/* Begin PBXBuildFile section */
		587B5B6DCB082DEFE4713424 /* Pods_PicoApp_PicoAppUITests.framework in Frameworks */ = {isa = PBXBuildFile; fileRef = 1427B1C500EC509E5915448D /* Pods_PicoApp_PicoAppUITests.framework */; };
		B8EBD401FB25FFC76CDD122F /* Pods_PicoAppTests.framework in Frameworks */ = {isa = PBXBuildFile; fileRef = 3080D7D58681A99D20C7475A /* Pods_PicoAppTests.framework */; };
		C63ED5EE2779410A0090678C /* MainFactory.swift in Sources */ = {isa = PBXBuildFile; fileRef = C63ED5ED2779410A0090678C /* MainFactory.swift */; };
		C63ED5F0277A20ED0090678C /* LocalStorage.swift in Sources */ = {isa = PBXBuildFile; fileRef = C63ED5EF277A20ED0090678C /* LocalStorage.swift */; };
		C63ED5F2277A553C0090678C /* APIClientMock.swift in Sources */ = {isa = PBXBuildFile; fileRef = C63ED5F1277A553C0090678C /* APIClientMock.swift */; };
		C63ED5F5277A5B6B0090678C /* Extensions.swift in Sources */ = {isa = PBXBuildFile; fileRef = C63ED5F4277A5B6B0090678C /* Extensions.swift */; };
		C663F15D277A710A0076E957 /* MainViewModelTest.swift in Sources */ = {isa = PBXBuildFile; fileRef = C663F15C277A710A0076E957 /* MainViewModelTest.swift */; };
		C663F15F277A71EE0076E957 /* LocalStorageMock.swift in Sources */ = {isa = PBXBuildFile; fileRef = C663F15E277A71EE0076E957 /* LocalStorageMock.swift */; };
		C663F161277A73F10076E957 /* Mocks.swift in Sources */ = {isa = PBXBuildFile; fileRef = C663F160277A73F10076E957 /* Mocks.swift */; };
		C663F163277A78670076E957 /* LocalStorageTest.swift in Sources */ = {isa = PBXBuildFile; fileRef = C663F162277A78670076E957 /* LocalStorageTest.swift */; };
		C663F165277B9DE80076E957 /* Logger.swift in Sources */ = {isa = PBXBuildFile; fileRef = C663F164277B9DE80076E957 /* Logger.swift */; };
		C6EFF0332777992600C20B7F /* AppDelegate.swift in Sources */ = {isa = PBXBuildFile; fileRef = C6EFF0322777992600C20B7F /* AppDelegate.swift */; };
		C6EFF0352777992600C20B7F /* SceneDelegate.swift in Sources */ = {isa = PBXBuildFile; fileRef = C6EFF0342777992600C20B7F /* SceneDelegate.swift */; };
		C6EFF0372777992600C20B7F /* MainViewController.swift in Sources */ = {isa = PBXBuildFile; fileRef = C6EFF0362777992600C20B7F /* MainViewController.swift */; };
		C6EFF03C2777992900C20B7F /* Assets.xcassets in Resources */ = {isa = PBXBuildFile; fileRef = C6EFF03B2777992900C20B7F /* Assets.xcassets */; };
		C6EFF03F2777992900C20B7F /* LaunchScreen.storyboard in Resources */ = {isa = PBXBuildFile; fileRef = C6EFF03D2777992900C20B7F /* LaunchScreen.storyboard */; };
		C6EFF04A2777992900C20B7F /* DataFetcherTest.swift in Sources */ = {isa = PBXBuildFile; fileRef = C6EFF0492777992900C20B7F /* DataFetcherTest.swift */; };
		C6EFF0542777992900C20B7F /* PicoAppUITests.swift in Sources */ = {isa = PBXBuildFile; fileRef = C6EFF0532777992900C20B7F /* PicoAppUITests.swift */; };
		C6EFF0562777992900C20B7F /* PicoAppUITestsLaunchTests.swift in Sources */ = {isa = PBXBuildFile; fileRef = C6EFF0552777992900C20B7F /* PicoAppUITestsLaunchTests.swift */; };
		C6EFF06727779BCF00C20B7F /* APIClient.swift in Sources */ = {isa = PBXBuildFile; fileRef = C6EFF06627779BCF00C20B7F /* APIClient.swift */; };
		C6EFF06A27779C6600C20B7F /* FlickrImageRequest.swift in Sources */ = {isa = PBXBuildFile; fileRef = C6EFF06927779C6600C20B7F /* FlickrImageRequest.swift */; };
		C6EFF06C27779D6000C20B7F /* RequestProtocol.swift in Sources */ = {isa = PBXBuildFile; fileRef = C6EFF06B27779D6000C20B7F /* RequestProtocol.swift */; };
		C6EFF06E27779E9400C20B7F /* Helpers.swift in Sources */ = {isa = PBXBuildFile; fileRef = C6EFF06D27779E9400C20B7F /* Helpers.swift */; };
		C6EFF0702777B36800C20B7F /* Constants.swift in Sources */ = {isa = PBXBuildFile; fileRef = C6EFF06F2777B36800C20B7F /* Constants.swift */; };
		C6EFF0732777BB5900C20B7F /* DataFetcher.swift in Sources */ = {isa = PBXBuildFile; fileRef = C6EFF0722777BB5900C20B7F /* DataFetcher.swift */; };
		C6EFF0B42778F0C200C20B7F /* BaseViewController.swift in Sources */ = {isa = PBXBuildFile; fileRef = C6EFF0B32778F0C200C20B7F /* BaseViewController.swift */; };
		C6EFF0B62778F45700C20B7F /* CollectionViewCell.swift in Sources */ = {isa = PBXBuildFile; fileRef = C6EFF0B52778F45700C20B7F /* CollectionViewCell.swift */; };
		C6EFF0B92778F67800C20B7F /* MainViewModel.swift in Sources */ = {isa = PBXBuildFile; fileRef = C6EFF0B82778F67800C20B7F /* MainViewModel.swift */; };
		C6EFF0BB27791C2400C20B7F /* SearchViewController.swift in Sources */ = {isa = PBXBuildFile; fileRef = C6EFF0BA27791C2400C20B7F /* SearchViewController.swift */; };
		C6EFF0BD27792B5700C20B7F /* Extensions.swift in Sources */ = {isa = PBXBuildFile; fileRef = C6EFF0BC27792B5700C20B7F /* Extensions.swift */; };
		E74D1ECA3CF5D6B602859962 /* Pods_PicoApp.framework in Frameworks */ = {isa = PBXBuildFile; fileRef = 2B7179554C87F08B42A6825F /* Pods_PicoApp.framework */; };
/* End PBXBuildFile section */

/* Begin PBXContainerItemProxy section */
		C6EFF0462777992900C20B7F /* PBXContainerItemProxy */ = {
			isa = PBXContainerItemProxy;
			containerPortal = C6EFF0272777992600C20B7F /* Project object */;
			proxyType = 1;
			remoteGlobalIDString = C6EFF02E2777992600C20B7F;
			remoteInfo = PicoApp;
		};
		C6EFF0502777992900C20B7F /* PBXContainerItemProxy */ = {
			isa = PBXContainerItemProxy;
			containerPortal = C6EFF0272777992600C20B7F /* Project object */;
			proxyType = 1;
			remoteGlobalIDString = C6EFF02E2777992600C20B7F;
			remoteInfo = PicoApp;
		};
/* End PBXContainerItemProxy section */

/* Begin PBXFileReference section */
		1427B1C500EC509E5915448D /* Pods_PicoApp_PicoAppUITests.framework */ = {isa = PBXFileReference; explicitFileType = wrapper.framework; includeInIndex = 0; path = Pods_PicoApp_PicoAppUITests.framework; sourceTree = BUILT_PRODUCTS_DIR; };
		2B7179554C87F08B42A6825F /* Pods_PicoApp.framework */ = {isa = PBXFileReference; explicitFileType = wrapper.framework; includeInIndex = 0; path = Pods_PicoApp.framework; sourceTree = BUILT_PRODUCTS_DIR; };
		3080D7D58681A99D20C7475A /* Pods_PicoAppTests.framework */ = {isa = PBXFileReference; explicitFileType = wrapper.framework; includeInIndex = 0; path = Pods_PicoAppTests.framework; sourceTree = BUILT_PRODUCTS_DIR; };
		3736C2433BE7E7A34C723CC4 /* Pods-PicoAppTests.release.xcconfig */ = {isa = PBXFileReference; includeInIndex = 1; lastKnownFileType = text.xcconfig; name = "Pods-PicoAppTests.release.xcconfig"; path = "Target Support Files/Pods-PicoAppTests/Pods-PicoAppTests.release.xcconfig"; sourceTree = "<group>"; };
		562160F6E596260E7E21E595 /* Pods-PicoApp.debug.xcconfig */ = {isa = PBXFileReference; includeInIndex = 1; lastKnownFileType = text.xcconfig; name = "Pods-PicoApp.debug.xcconfig"; path = "Target Support Files/Pods-PicoApp/Pods-PicoApp.debug.xcconfig"; sourceTree = "<group>"; };
		8112D7E51AF7F09D1DBEF2D9 /* Pods-PicoApp.release.xcconfig */ = {isa = PBXFileReference; includeInIndex = 1; lastKnownFileType = text.xcconfig; name = "Pods-PicoApp.release.xcconfig"; path = "Target Support Files/Pods-PicoApp/Pods-PicoApp.release.xcconfig"; sourceTree = "<group>"; };
		C4C8397B23B4AD0256DAE96A /* Pods-PicoApp-PicoAppUITests.debug.xcconfig */ = {isa = PBXFileReference; includeInIndex = 1; lastKnownFileType = text.xcconfig; name = "Pods-PicoApp-PicoAppUITests.debug.xcconfig"; path = "Target Support Files/Pods-PicoApp-PicoAppUITests/Pods-PicoApp-PicoAppUITests.debug.xcconfig"; sourceTree = "<group>"; };
		C63ED5ED2779410A0090678C /* MainFactory.swift */ = {isa = PBXFileReference; lastKnownFileType = sourcecode.swift; path = MainFactory.swift; sourceTree = "<group>"; };
		C63ED5EF277A20ED0090678C /* LocalStorage.swift */ = {isa = PBXFileReference; lastKnownFileType = sourcecode.swift; path = LocalStorage.swift; sourceTree = "<group>"; };
		C63ED5F1277A553C0090678C /* APIClientMock.swift */ = {isa = PBXFileReference; lastKnownFileType = sourcecode.swift; path = APIClientMock.swift; sourceTree = "<group>"; };
		C63ED5F4277A5B6B0090678C /* Extensions.swift */ = {isa = PBXFileReference; lastKnownFileType = sourcecode.swift; path = Extensions.swift; sourceTree = "<group>"; };
		C663F15C277A710A0076E957 /* MainViewModelTest.swift */ = {isa = PBXFileReference; lastKnownFileType = sourcecode.swift; path = MainViewModelTest.swift; sourceTree = "<group>"; };
		C663F15E277A71EE0076E957 /* LocalStorageMock.swift */ = {isa = PBXFileReference; lastKnownFileType = sourcecode.swift; path = LocalStorageMock.swift; sourceTree = "<group>"; };
		C663F160277A73F10076E957 /* Mocks.swift */ = {isa = PBXFileReference; lastKnownFileType = sourcecode.swift; path = Mocks.swift; sourceTree = "<group>"; };
		C663F162277A78670076E957 /* LocalStorageTest.swift */ = {isa = PBXFileReference; lastKnownFileType = sourcecode.swift; path = LocalStorageTest.swift; sourceTree = "<group>"; };
		C663F164277B9DE80076E957 /* Logger.swift */ = {isa = PBXFileReference; lastKnownFileType = sourcecode.swift; path = Logger.swift; sourceTree = "<group>"; };
		C6EFF02F2777992600C20B7F /* PicoApp.app */ = {isa = PBXFileReference; explicitFileType = wrapper.application; includeInIndex = 0; path = PicoApp.app; sourceTree = BUILT_PRODUCTS_DIR; };
		C6EFF0322777992600C20B7F /* AppDelegate.swift */ = {isa = PBXFileReference; lastKnownFileType = sourcecode.swift; path = AppDelegate.swift; sourceTree = "<group>"; };
		C6EFF0342777992600C20B7F /* SceneDelegate.swift */ = {isa = PBXFileReference; lastKnownFileType = sourcecode.swift; path = SceneDelegate.swift; sourceTree = "<group>"; };
		C6EFF0362777992600C20B7F /* MainViewController.swift */ = {isa = PBXFileReference; lastKnownFileType = sourcecode.swift; path = MainViewController.swift; sourceTree = "<group>"; };
		C6EFF03B2777992900C20B7F /* Assets.xcassets */ = {isa = PBXFileReference; lastKnownFileType = folder.assetcatalog; path = Assets.xcassets; sourceTree = "<group>"; };
		C6EFF03E2777992900C20B7F /* Base */ = {isa = PBXFileReference; lastKnownFileType = file.storyboard; name = Base; path = Base.lproj/LaunchScreen.storyboard; sourceTree = "<group>"; };
		C6EFF0402777992900C20B7F /* Info.plist */ = {isa = PBXFileReference; lastKnownFileType = text.plist.xml; path = Info.plist; sourceTree = "<group>"; };
		C6EFF0452777992900C20B7F /* PicoAppTests.xctest */ = {isa = PBXFileReference; explicitFileType = wrapper.cfbundle; includeInIndex = 0; path = PicoAppTests.xctest; sourceTree = BUILT_PRODUCTS_DIR; };
		C6EFF0492777992900C20B7F /* DataFetcherTest.swift */ = {isa = PBXFileReference; lastKnownFileType = sourcecode.swift; path = DataFetcherTest.swift; sourceTree = "<group>"; };
		C6EFF04F2777992900C20B7F /* PicoAppUITests.xctest */ = {isa = PBXFileReference; explicitFileType = wrapper.cfbundle; includeInIndex = 0; path = PicoAppUITests.xctest; sourceTree = BUILT_PRODUCTS_DIR; };
		C6EFF0532777992900C20B7F /* PicoAppUITests.swift */ = {isa = PBXFileReference; lastKnownFileType = sourcecode.swift; path = PicoAppUITests.swift; sourceTree = "<group>"; };
		C6EFF0552777992900C20B7F /* PicoAppUITestsLaunchTests.swift */ = {isa = PBXFileReference; lastKnownFileType = sourcecode.swift; path = PicoAppUITestsLaunchTests.swift; sourceTree = "<group>"; };
		C6EFF06627779BCF00C20B7F /* APIClient.swift */ = {isa = PBXFileReference; lastKnownFileType = sourcecode.swift; path = APIClient.swift; sourceTree = "<group>"; };
		C6EFF06927779C6600C20B7F /* FlickrImageRequest.swift */ = {isa = PBXFileReference; lastKnownFileType = sourcecode.swift; path = FlickrImageRequest.swift; sourceTree = "<group>"; };
		C6EFF06B27779D6000C20B7F /* RequestProtocol.swift */ = {isa = PBXFileReference; lastKnownFileType = sourcecode.swift; path = RequestProtocol.swift; sourceTree = "<group>"; };
		C6EFF06D27779E9400C20B7F /* Helpers.swift */ = {isa = PBXFileReference; lastKnownFileType = sourcecode.swift; path = Helpers.swift; sourceTree = "<group>"; };
		C6EFF06F2777B36800C20B7F /* Constants.swift */ = {isa = PBXFileReference; lastKnownFileType = sourcecode.swift; path = Constants.swift; sourceTree = "<group>"; };
		C6EFF0722777BB5900C20B7F /* DataFetcher.swift */ = {isa = PBXFileReference; lastKnownFileType = sourcecode.swift; path = DataFetcher.swift; sourceTree = "<group>"; };
		C6EFF0B32778F0C200C20B7F /* BaseViewController.swift */ = {isa = PBXFileReference; lastKnownFileType = sourcecode.swift; path = BaseViewController.swift; sourceTree = "<group>"; };
		C6EFF0B52778F45700C20B7F /* CollectionViewCell.swift */ = {isa = PBXFileReference; lastKnownFileType = sourcecode.swift; path = CollectionViewCell.swift; sourceTree = "<group>"; };
		C6EFF0B82778F67800C20B7F /* MainViewModel.swift */ = {isa = PBXFileReference; lastKnownFileType = sourcecode.swift; path = MainViewModel.swift; sourceTree = "<group>"; };
		C6EFF0BA27791C2400C20B7F /* SearchViewController.swift */ = {isa = PBXFileReference; lastKnownFileType = sourcecode.swift; path = SearchViewController.swift; sourceTree = "<group>"; };
		C6EFF0BC27792B5700C20B7F /* Extensions.swift */ = {isa = PBXFileReference; lastKnownFileType = sourcecode.swift; path = Extensions.swift; sourceTree = "<group>"; };
		E136DDDFD1134520C178513A /* Pods-PicoApp-PicoAppUITests.release.xcconfig */ = {isa = PBXFileReference; includeInIndex = 1; lastKnownFileType = text.xcconfig; name = "Pods-PicoApp-PicoAppUITests.release.xcconfig"; path = "Target Support Files/Pods-PicoApp-PicoAppUITests/Pods-PicoApp-PicoAppUITests.release.xcconfig"; sourceTree = "<group>"; };
		F3F57D6B500470B978661217 /* Pods-PicoAppTests.debug.xcconfig */ = {isa = PBXFileReference; includeInIndex = 1; lastKnownFileType = text.xcconfig; name = "Pods-PicoAppTests.debug.xcconfig"; path = "Target Support Files/Pods-PicoAppTests/Pods-PicoAppTests.debug.xcconfig"; sourceTree = "<group>"; };
/* End PBXFileReference section */

/* Begin PBXFrameworksBuildPhase section */
		C6EFF02C2777992600C20B7F /* Frameworks */ = {
			isa = PBXFrameworksBuildPhase;
			buildActionMask = 2147483647;
			files = (
				E74D1ECA3CF5D6B602859962 /* Pods_PicoApp.framework in Frameworks */,
			);
			runOnlyForDeploymentPostprocessing = 0;
		};
		C6EFF0422777992900C20B7F /* Frameworks */ = {
			isa = PBXFrameworksBuildPhase;
			buildActionMask = 2147483647;
			files = (
				B8EBD401FB25FFC76CDD122F /* Pods_PicoAppTests.framework in Frameworks */,
			);
			runOnlyForDeploymentPostprocessing = 0;
		};
		C6EFF04C2777992900C20B7F /* Frameworks */ = {
			isa = PBXFrameworksBuildPhase;
			buildActionMask = 2147483647;
			files = (
				587B5B6DCB082DEFE4713424 /* Pods_PicoApp_PicoAppUITests.framework in Frameworks */,
			);
			runOnlyForDeploymentPostprocessing = 0;
		};
/* End PBXFrameworksBuildPhase section */

/* Begin PBXGroup section */
		7AC0483A6CE67C812E7D54FE /* Frameworks */ = {
			isa = PBXGroup;
			children = (
				2B7179554C87F08B42A6825F /* Pods_PicoApp.framework */,
				1427B1C500EC509E5915448D /* Pods_PicoApp_PicoAppUITests.framework */,
				3080D7D58681A99D20C7475A /* Pods_PicoAppTests.framework */,
			);
			name = Frameworks;
			sourceTree = "<group>";
		};
		9D535D2DF0FCF142DA8A2094 /* Pods */ = {
			isa = PBXGroup;
			children = (
				562160F6E596260E7E21E595 /* Pods-PicoApp.debug.xcconfig */,
				8112D7E51AF7F09D1DBEF2D9 /* Pods-PicoApp.release.xcconfig */,
				C4C8397B23B4AD0256DAE96A /* Pods-PicoApp-PicoAppUITests.debug.xcconfig */,
				E136DDDFD1134520C178513A /* Pods-PicoApp-PicoAppUITests.release.xcconfig */,
				F3F57D6B500470B978661217 /* Pods-PicoAppTests.debug.xcconfig */,
				3736C2433BE7E7A34C723CC4 /* Pods-PicoAppTests.release.xcconfig */,
			);
			path = Pods;
			sourceTree = "<group>";
		};
		C63ED5F3277A55440090678C /* Utilities */ = {
			isa = PBXGroup;
			children = (
				C63ED5F1277A553C0090678C /* APIClientMock.swift */,
				C63ED5F4277A5B6B0090678C /* Extensions.swift */,
				C663F15E277A71EE0076E957 /* LocalStorageMock.swift */,
				C663F160277A73F10076E957 /* Mocks.swift */,
			);
			path = Utilities;
			sourceTree = "<group>";
		};
		C63ED5F6277A5C9A0090678C /* Services */ = {
			isa = PBXGroup;
			children = (
				C6EFF0492777992900C20B7F /* DataFetcherTest.swift */,
				C663F162277A78670076E957 /* LocalStorageTest.swift */,
			);
			path = Services;
			sourceTree = "<group>";
		};
		C663F15B277A70F70076E957 /* ViewModels */ = {
			isa = PBXGroup;
			children = (
				C663F15C277A710A0076E957 /* MainViewModelTest.swift */,
			);
			path = ViewModels;
			sourceTree = "<group>";
		};
		C6EFF0262777992600C20B7F = {
			isa = PBXGroup;
			children = (
				C6EFF0312777992600C20B7F /* PicoApp */,
				C6EFF0482777992900C20B7F /* PicoAppTests */,
				C6EFF0522777992900C20B7F /* PicoAppUITests */,
				C6EFF0302777992600C20B7F /* Products */,
				9D535D2DF0FCF142DA8A2094 /* Pods */,
				7AC0483A6CE67C812E7D54FE /* Frameworks */,
			);
			sourceTree = "<group>";
		};
		C6EFF0302777992600C20B7F /* Products */ = {
			isa = PBXGroup;
			children = (
				C6EFF02F2777992600C20B7F /* PicoApp.app */,
				C6EFF0452777992900C20B7F /* PicoAppTests.xctest */,
				C6EFF04F2777992900C20B7F /* PicoAppUITests.xctest */,
			);
			name = Products;
			sourceTree = "<group>";
		};
		C6EFF0312777992600C20B7F /* PicoApp */ = {
			isa = PBXGroup;
			children = (
				C6EFF06227779B5400C20B7F /* source */,
				C6EFF06327779B6000C20B7F /* resources */,
			);
			path = PicoApp;
			sourceTree = "<group>";
		};
		C6EFF0482777992900C20B7F /* PicoAppTests */ = {
			isa = PBXGroup;
			children = (
				C63ED5F3277A55440090678C /* Utilities */,
				C63ED5F6277A5C9A0090678C /* Services */,
				C663F15B277A70F70076E957 /* ViewModels */,
			);
			path = PicoAppTests;
			sourceTree = "<group>";
		};
		C6EFF0522777992900C20B7F /* PicoAppUITests */ = {
			isa = PBXGroup;
			children = (
				C6EFF0532777992900C20B7F /* PicoAppUITests.swift */,
				C6EFF0552777992900C20B7F /* PicoAppUITestsLaunchTests.swift */,
			);
			path = PicoAppUITests;
			sourceTree = "<group>";
		};
		C6EFF06227779B5400C20B7F /* source */ = {
			isa = PBXGroup;
			children = (
				C6EFF0712777B36D00C20B7F /* Utilities */,
				C6EFF06427779B9700C20B7F /* System */,
				C6EFF06527779BA300C20B7F /* Services */,
				C6EFF06827779C1700C20B7F /* Requests */,
				C6EFF0B72778F65F00C20B7F /* ViewModels */,
				C6EFF0762778E1AC00C20B7F /* ViewControllers */,
			);
			path = source;
			sourceTree = "<group>";
		};
		C6EFF06327779B6000C20B7F /* resources */ = {
			isa = PBXGroup;
			children = (
				C6EFF0402777992900C20B7F /* Info.plist */,
				C6EFF03B2777992900C20B7F /* Assets.xcassets */,
				C6EFF03D2777992900C20B7F /* LaunchScreen.storyboard */,
			);
			path = resources;
			sourceTree = "<group>";
		};
		C6EFF06427779B9700C20B7F /* System */ = {
			isa = PBXGroup;
			children = (
				C6EFF0322777992600C20B7F /* AppDelegate.swift */,
				C6EFF0342777992600C20B7F /* SceneDelegate.swift */,
			);
			path = System;
			sourceTree = "<group>";
		};
		C6EFF06527779BA300C20B7F /* Services */ = {
			isa = PBXGroup;
			children = (
				C6EFF06627779BCF00C20B7F /* APIClient.swift */,
				C6EFF0722777BB5900C20B7F /* DataFetcher.swift */,
				C63ED5EF277A20ED0090678C /* LocalStorage.swift */,
			);
			path = Services;
			sourceTree = "<group>";
		};
		C6EFF06827779C1700C20B7F /* Requests */ = {
			isa = PBXGroup;
			children = (
				C6EFF06B27779D6000C20B7F /* RequestProtocol.swift */,
				C6EFF06927779C6600C20B7F /* FlickrImageRequest.swift */,
				C6EFF06D27779E9400C20B7F /* Helpers.swift */,
			);
			path = Requests;
			sourceTree = "<group>";
		};
		C6EFF0712777B36D00C20B7F /* Utilities */ = {
			isa = PBXGroup;
			children = (
				C6EFF06F2777B36800C20B7F /* Constants.swift */,
				C6EFF0BC27792B5700C20B7F /* Extensions.swift */,
				C663F164277B9DE80076E957 /* Logger.swift */,
			);
			path = Utilities;
			sourceTree = "<group>";
		};
		C6EFF0762778E1AC00C20B7F /* ViewControllers */ = {
			isa = PBXGroup;
			children = (
				C6EFF0B32778F0C200C20B7F /* BaseViewController.swift */,
				C6EFF0362777992600C20B7F /* MainViewController.swift */,
				C6EFF0BA27791C2400C20B7F /* SearchViewController.swift */,
				C6EFF0B52778F45700C20B7F /* CollectionViewCell.swift */,
			);
			path = ViewControllers;
			sourceTree = "<group>";
		};
		C6EFF0B72778F65F00C20B7F /* ViewModels */ = {
			isa = PBXGroup;
			children = (
				C63ED5ED2779410A0090678C /* MainFactory.swift */,
				C6EFF0B82778F67800C20B7F /* MainViewModel.swift */,
			);
			path = ViewModels;
			sourceTree = "<group>";
		};
/* End PBXGroup section */

/* Begin PBXNativeTarget section */
		C6EFF02E2777992600C20B7F /* PicoApp */ = {
			isa = PBXNativeTarget;
			buildConfigurationList = C6EFF0592777992900C20B7F /* Build configuration list for PBXNativeTarget "PicoApp" */;
			buildPhases = (
				7A3885424B3D9674B221009E /* [CP] Check Pods Manifest.lock */,
				C6EFF02B2777992600C20B7F /* Sources */,
				C6EFF02C2777992600C20B7F /* Frameworks */,
				C6EFF02D2777992600C20B7F /* Resources */,
				06DA19637E22A5F986AB3ACE /* [CP] Embed Pods Frameworks */,
			);
			buildRules = (
			);
			dependencies = (
			);
			name = PicoApp;
			productName = PicoApp;
			productReference = C6EFF02F2777992600C20B7F /* PicoApp.app */;
			productType = "com.apple.product-type.application";
		};
		C6EFF0442777992900C20B7F /* PicoAppTests */ = {
			isa = PBXNativeTarget;
			buildConfigurationList = C6EFF05C2777992900C20B7F /* Build configuration list for PBXNativeTarget "PicoAppTests" */;
			buildPhases = (
				16CECC383284CCC1D676EAB5 /* [CP] Check Pods Manifest.lock */,
				C6EFF0412777992900C20B7F /* Sources */,
				C6EFF0422777992900C20B7F /* Frameworks */,
				C6EFF0432777992900C20B7F /* Resources */,
			);
			buildRules = (
			);
			dependencies = (
				C6EFF0472777992900C20B7F /* PBXTargetDependency */,
			);
			name = PicoAppTests;
			productName = PicoAppTests;
			productReference = C6EFF0452777992900C20B7F /* PicoAppTests.xctest */;
			productType = "com.apple.product-type.bundle.unit-test";
		};
		C6EFF04E2777992900C20B7F /* PicoAppUITests */ = {
			isa = PBXNativeTarget;
			buildConfigurationList = C6EFF05F2777992900C20B7F /* Build configuration list for PBXNativeTarget "PicoAppUITests" */;
			buildPhases = (
				4DB54BA5C2174CA0F139BC54 /* [CP] Check Pods Manifest.lock */,
				C6EFF04B2777992900C20B7F /* Sources */,
				C6EFF04C2777992900C20B7F /* Frameworks */,
				C6EFF04D2777992900C20B7F /* Resources */,
				3C0D86E8AD9DCA2B2AE780EF /* [CP] Embed Pods Frameworks */,
			);
			buildRules = (
			);
			dependencies = (
				C6EFF0512777992900C20B7F /* PBXTargetDependency */,
			);
			name = PicoAppUITests;
			productName = PicoAppUITests;
			productReference = C6EFF04F2777992900C20B7F /* PicoAppUITests.xctest */;
			productType = "com.apple.product-type.bundle.ui-testing";
		};
/* End PBXNativeTarget section */

/* Begin PBXProject section */
		C6EFF0272777992600C20B7F /* Project object */ = {
			isa = PBXProject;
			attributes = {
				BuildIndependentTargetsInParallel = 1;
				LastSwiftUpdateCheck = 1310;
				LastUpgradeCheck = 1310;
				TargetAttributes = {
					C6EFF02E2777992600C20B7F = {
						CreatedOnToolsVersion = 13.1;
					};
					C6EFF0442777992900C20B7F = {
						CreatedOnToolsVersion = 13.1;
						TestTargetID = C6EFF02E2777992600C20B7F;
					};
					C6EFF04E2777992900C20B7F = {
						CreatedOnToolsVersion = 13.1;
						TestTargetID = C6EFF02E2777992600C20B7F;
					};
				};
			};
			buildConfigurationList = C6EFF02A2777992600C20B7F /* Build configuration list for PBXProject "PicoApp" */;
			compatibilityVersion = "Xcode 13.0";
			developmentRegion = en;
			hasScannedForEncodings = 0;
			knownRegions = (
				en,
				Base,
			);
			mainGroup = C6EFF0262777992600C20B7F;
			productRefGroup = C6EFF0302777992600C20B7F /* Products */;
			projectDirPath = "";
			projectRoot = "";
			targets = (
				C6EFF02E2777992600C20B7F /* PicoApp */,
				C6EFF0442777992900C20B7F /* PicoAppTests */,
				C6EFF04E2777992900C20B7F /* PicoAppUITests */,
			);
		};
/* End PBXProject section */

/* Begin PBXResourcesBuildPhase section */
		C6EFF02D2777992600C20B7F /* Resources */ = {
			isa = PBXResourcesBuildPhase;
			buildActionMask = 2147483647;
			files = (
				C6EFF03F2777992900C20B7F /* LaunchScreen.storyboard in Resources */,
				C6EFF03C2777992900C20B7F /* Assets.xcassets in Resources */,
			);
			runOnlyForDeploymentPostprocessing = 0;
		};
		C6EFF0432777992900C20B7F /* Resources */ = {
			isa = PBXResourcesBuildPhase;
			buildActionMask = 2147483647;
			files = (
			);
			runOnlyForDeploymentPostprocessing = 0;
		};
		C6EFF04D2777992900C20B7F /* Resources */ = {
			isa = PBXResourcesBuildPhase;
			buildActionMask = 2147483647;
			files = (
			);
			runOnlyForDeploymentPostprocessing = 0;
		};
/* End PBXResourcesBuildPhase section */

/* Begin PBXShellScriptBuildPhase section */
		06DA19637E22A5F986AB3ACE /* [CP] Embed Pods Frameworks */ = {
			isa = PBXShellScriptBuildPhase;
			buildActionMask = 2147483647;
			files = (
			);
			inputFileListPaths = (
				"${PODS_ROOT}/Target Support Files/Pods-PicoApp/Pods-PicoApp-frameworks-${CONFIGURATION}-input-files.xcfilelist",
			);
			name = "[CP] Embed Pods Frameworks";
			outputFileListPaths = (
				"${PODS_ROOT}/Target Support Files/Pods-PicoApp/Pods-PicoApp-frameworks-${CONFIGURATION}-output-files.xcfilelist",
			);
			runOnlyForDeploymentPostprocessing = 0;
			shellPath = /bin/sh;
			shellScript = "\"${PODS_ROOT}/Target Support Files/Pods-PicoApp/Pods-PicoApp-frameworks.sh\"\n";
			showEnvVarsInLog = 0;
		};
		16CECC383284CCC1D676EAB5 /* [CP] Check Pods Manifest.lock */ = {
			isa = PBXShellScriptBuildPhase;
			buildActionMask = 2147483647;
			files = (
			);
			inputFileListPaths = (
			);
			inputPaths = (
				"${PODS_PODFILE_DIR_PATH}/Podfile.lock",
				"${PODS_ROOT}/Manifest.lock",
			);
			name = "[CP] Check Pods Manifest.lock";
			outputFileListPaths = (
			);
			outputPaths = (
				"$(DERIVED_FILE_DIR)/Pods-PicoAppTests-checkManifestLockResult.txt",
			);
			runOnlyForDeploymentPostprocessing = 0;
			shellPath = /bin/sh;
			shellScript = "diff \"${PODS_PODFILE_DIR_PATH}/Podfile.lock\" \"${PODS_ROOT}/Manifest.lock\" > /dev/null\nif [ $? != 0 ] ; then\n    # print error to STDERR\n    echo \"error: The sandbox is not in sync with the Podfile.lock. Run 'pod install' or update your CocoaPods installation.\" >&2\n    exit 1\nfi\n# This output is used by Xcode 'outputs' to avoid re-running this script phase.\necho \"SUCCESS\" > \"${SCRIPT_OUTPUT_FILE_0}\"\n";
			showEnvVarsInLog = 0;
		};
		3C0D86E8AD9DCA2B2AE780EF /* [CP] Embed Pods Frameworks */ = {
			isa = PBXShellScriptBuildPhase;
			buildActionMask = 2147483647;
			files = (
			);
			inputFileListPaths = (
				"${PODS_ROOT}/Target Support Files/Pods-PicoApp-PicoAppUITests/Pods-PicoApp-PicoAppUITests-frameworks-${CONFIGURATION}-input-files.xcfilelist",
			);
			name = "[CP] Embed Pods Frameworks";
			outputFileListPaths = (
				"${PODS_ROOT}/Target Support Files/Pods-PicoApp-PicoAppUITests/Pods-PicoApp-PicoAppUITests-frameworks-${CONFIGURATION}-output-files.xcfilelist",
			);
			runOnlyForDeploymentPostprocessing = 0;
			shellPath = /bin/sh;
			shellScript = "\"${PODS_ROOT}/Target Support Files/Pods-PicoApp-PicoAppUITests/Pods-PicoApp-PicoAppUITests-frameworks.sh\"\n";
			showEnvVarsInLog = 0;
		};
		4DB54BA5C2174CA0F139BC54 /* [CP] Check Pods Manifest.lock */ = {
			isa = PBXShellScriptBuildPhase;
			buildActionMask = 2147483647;
			files = (
			);
			inputFileListPaths = (
			);
			inputPaths = (
				"${PODS_PODFILE_DIR_PATH}/Podfile.lock",
				"${PODS_ROOT}/Manifest.lock",
			);
			name = "[CP] Check Pods Manifest.lock";
			outputFileListPaths = (
			);
			outputPaths = (
				"$(DERIVED_FILE_DIR)/Pods-PicoApp-PicoAppUITests-checkManifestLockResult.txt",
			);
			runOnlyForDeploymentPostprocessing = 0;
			shellPath = /bin/sh;
			shellScript = "diff \"${PODS_PODFILE_DIR_PATH}/Podfile.lock\" \"${PODS_ROOT}/Manifest.lock\" > /dev/null\nif [ $? != 0 ] ; then\n    # print error to STDERR\n    echo \"error: The sandbox is not in sync with the Podfile.lock. Run 'pod install' or update your CocoaPods installation.\" >&2\n    exit 1\nfi\n# This output is used by Xcode 'outputs' to avoid re-running this script phase.\necho \"SUCCESS\" > \"${SCRIPT_OUTPUT_FILE_0}\"\n";
			showEnvVarsInLog = 0;
		};
		7A3885424B3D9674B221009E /* [CP] Check Pods Manifest.lock */ = {
			isa = PBXShellScriptBuildPhase;
			buildActionMask = 2147483647;
			files = (
			);
			inputFileListPaths = (
			);
			inputPaths = (
				"${PODS_PODFILE_DIR_PATH}/Podfile.lock",
				"${PODS_ROOT}/Manifest.lock",
			);
			name = "[CP] Check Pods Manifest.lock";
			outputFileListPaths = (
			);
			outputPaths = (
				"$(DERIVED_FILE_DIR)/Pods-PicoApp-checkManifestLockResult.txt",
			);
			runOnlyForDeploymentPostprocessing = 0;
			shellPath = /bin/sh;
			shellScript = "diff \"${PODS_PODFILE_DIR_PATH}/Podfile.lock\" \"${PODS_ROOT}/Manifest.lock\" > /dev/null\nif [ $? != 0 ] ; then\n    # print error to STDERR\n    echo \"error: The sandbox is not in sync with the Podfile.lock. Run 'pod install' or update your CocoaPods installation.\" >&2\n    exit 1\nfi\n# This output is used by Xcode 'outputs' to avoid re-running this script phase.\necho \"SUCCESS\" > \"${SCRIPT_OUTPUT_FILE_0}\"\n";
			showEnvVarsInLog = 0;
		};
/* End PBXShellScriptBuildPhase section */

/* Begin PBXSourcesBuildPhase section */
		C6EFF02B2777992600C20B7F /* Sources */ = {
			isa = PBXSourcesBuildPhase;
			buildActionMask = 2147483647;
			files = (
				C6EFF0372777992600C20B7F /* MainViewController.swift in Sources */,
				C6EFF06E27779E9400C20B7F /* Helpers.swift in Sources */,
				C6EFF0332777992600C20B7F /* AppDelegate.swift in Sources */,
				C6EFF06727779BCF00C20B7F /* APIClient.swift in Sources */,
				C6EFF06C27779D6000C20B7F /* RequestProtocol.swift in Sources */,
				C6EFF0B42778F0C200C20B7F /* BaseViewController.swift in Sources */,
				C6EFF0352777992600C20B7F /* SceneDelegate.swift in Sources */,
				C6EFF0732777BB5900C20B7F /* DataFetcher.swift in Sources */,
				C663F165277B9DE80076E957 /* Logger.swift in Sources */,
				C6EFF0BB27791C2400C20B7F /* SearchViewController.swift in Sources */,
				C6EFF06A27779C6600C20B7F /* FlickrImageRequest.swift in Sources */,
				C6EFF0702777B36800C20B7F /* Constants.swift in Sources */,
				C6EFF0B62778F45700C20B7F /* CollectionViewCell.swift in Sources */,
				C6EFF0B92778F67800C20B7F /* MainViewModel.swift in Sources */,
				C63ED5F0277A20ED0090678C /* LocalStorage.swift in Sources */,
				C63ED5EE2779410A0090678C /* MainFactory.swift in Sources */,
				C6EFF0BD27792B5700C20B7F /* Extensions.swift in Sources */,
			);
			runOnlyForDeploymentPostprocessing = 0;
		};
		C6EFF0412777992900C20B7F /* Sources */ = {
			isa = PBXSourcesBuildPhase;
			buildActionMask = 2147483647;
			files = (
				C6EFF04A2777992900C20B7F /* DataFetcherTest.swift in Sources */,
				C663F15F277A71EE0076E957 /* LocalStorageMock.swift in Sources */,
				C63ED5F5277A5B6B0090678C /* Extensions.swift in Sources */,
				C663F163277A78670076E957 /* LocalStorageTest.swift in Sources */,
				C63ED5F2277A553C0090678C /* APIClientMock.swift in Sources */,
				C663F15D277A710A0076E957 /* MainViewModelTest.swift in Sources */,
				C663F161277A73F10076E957 /* Mocks.swift in Sources */,
			);
			runOnlyForDeploymentPostprocessing = 0;
		};
		C6EFF04B2777992900C20B7F /* Sources */ = {
			isa = PBXSourcesBuildPhase;
			buildActionMask = 2147483647;
			files = (
				C6EFF0542777992900C20B7F /* PicoAppUITests.swift in Sources */,
				C6EFF0562777992900C20B7F /* PicoAppUITestsLaunchTests.swift in Sources */,
			);
			runOnlyForDeploymentPostprocessing = 0;
		};
/* End PBXSourcesBuildPhase section */

/* Begin PBXTargetDependency section */
		C6EFF0472777992900C20B7F /* PBXTargetDependency */ = {
			isa = PBXTargetDependency;
			target = C6EFF02E2777992600C20B7F /* PicoApp */;
			targetProxy = C6EFF0462777992900C20B7F /* PBXContainerItemProxy */;
		};
		C6EFF0512777992900C20B7F /* PBXTargetDependency */ = {
			isa = PBXTargetDependency;
			target = C6EFF02E2777992600C20B7F /* PicoApp */;
			targetProxy = C6EFF0502777992900C20B7F /* PBXContainerItemProxy */;
		};
/* End PBXTargetDependency section */

/* Begin PBXVariantGroup section */
		C6EFF03D2777992900C20B7F /* LaunchScreen.storyboard */ = {
			isa = PBXVariantGroup;
			children = (
				C6EFF03E2777992900C20B7F /* Base */,
			);
			name = LaunchScreen.storyboard;
			sourceTree = "<group>";
		};
/* End PBXVariantGroup section */

/* Begin XCBuildConfiguration section */
		C6EFF0572777992900C20B7F /* Debug */ = {
			isa = XCBuildConfiguration;
			buildSettings = {
				ALWAYS_SEARCH_USER_PATHS = NO;
				CLANG_ANALYZER_NONNULL = YES;
				CLANG_ANALYZER_NUMBER_OBJECT_CONVERSION = YES_AGGRESSIVE;
				CLANG_CXX_LANGUAGE_STANDARD = "gnu++17";
				CLANG_CXX_LIBRARY = "libc++";
				CLANG_ENABLE_MODULES = YES;
				CLANG_ENABLE_OBJC_ARC = YES;
				CLANG_ENABLE_OBJC_WEAK = YES;
				CLANG_WARN_BLOCK_CAPTURE_AUTORELEASING = YES;
				CLANG_WARN_BOOL_CONVERSION = YES;
				CLANG_WARN_COMMA = YES;
				CLANG_WARN_CONSTANT_CONVERSION = YES;
				CLANG_WARN_DEPRECATED_OBJC_IMPLEMENTATIONS = YES;
				CLANG_WARN_DIRECT_OBJC_ISA_USAGE = YES_ERROR;
				CLANG_WARN_DOCUMENTATION_COMMENTS = YES;
				CLANG_WARN_EMPTY_BODY = YES;
				CLANG_WARN_ENUM_CONVERSION = YES;
				CLANG_WARN_INFINITE_RECURSION = YES;
				CLANG_WARN_INT_CONVERSION = YES;
				CLANG_WARN_NON_LITERAL_NULL_CONVERSION = YES;
				CLANG_WARN_OBJC_IMPLICIT_RETAIN_SELF = YES;
				CLANG_WARN_OBJC_LITERAL_CONVERSION = YES;
				CLANG_WARN_OBJC_ROOT_CLASS = YES_ERROR;
				CLANG_WARN_QUOTED_INCLUDE_IN_FRAMEWORK_HEADER = YES;
				CLANG_WARN_RANGE_LOOP_ANALYSIS = YES;
				CLANG_WARN_STRICT_PROTOTYPES = YES;
				CLANG_WARN_SUSPICIOUS_MOVE = YES;
				CLANG_WARN_UNGUARDED_AVAILABILITY = YES_AGGRESSIVE;
				CLANG_WARN_UNREACHABLE_CODE = YES;
				CLANG_WARN__DUPLICATE_METHOD_MATCH = YES;
				COPY_PHASE_STRIP = NO;
				DEBUG_INFORMATION_FORMAT = dwarf;
				ENABLE_STRICT_OBJC_MSGSEND = YES;
				ENABLE_TESTABILITY = YES;
				GCC_C_LANGUAGE_STANDARD = gnu11;
				GCC_DYNAMIC_NO_PIC = NO;
				GCC_NO_COMMON_BLOCKS = YES;
				GCC_OPTIMIZATION_LEVEL = 0;
				GCC_PREPROCESSOR_DEFINITIONS = (
					"DEBUG=1",
					"$(inherited)",
				);
				GCC_WARN_64_TO_32_BIT_CONVERSION = YES;
				GCC_WARN_ABOUT_RETURN_TYPE = YES_ERROR;
				GCC_WARN_UNDECLARED_SELECTOR = YES;
				GCC_WARN_UNINITIALIZED_AUTOS = YES_AGGRESSIVE;
				GCC_WARN_UNUSED_FUNCTION = YES;
				GCC_WARN_UNUSED_VARIABLE = YES;
				IPHONEOS_DEPLOYMENT_TARGET = 15.0;
				MTL_ENABLE_DEBUG_INFO = INCLUDE_SOURCE;
				MTL_FAST_MATH = YES;
				ONLY_ACTIVE_ARCH = YES;
				SDKROOT = iphoneos;
				SWIFT_ACTIVE_COMPILATION_CONDITIONS = DEBUG;
				SWIFT_OPTIMIZATION_LEVEL = "-Onone";
			};
			name = Debug;
		};
		C6EFF0582777992900C20B7F /* Release */ = {
			isa = XCBuildConfiguration;
			buildSettings = {
				ALWAYS_SEARCH_USER_PATHS = NO;
				CLANG_ANALYZER_NONNULL = YES;
				CLANG_ANALYZER_NUMBER_OBJECT_CONVERSION = YES_AGGRESSIVE;
				CLANG_CXX_LANGUAGE_STANDARD = "gnu++17";
				CLANG_CXX_LIBRARY = "libc++";
				CLANG_ENABLE_MODULES = YES;
				CLANG_ENABLE_OBJC_ARC = YES;
				CLANG_ENABLE_OBJC_WEAK = YES;
				CLANG_WARN_BLOCK_CAPTURE_AUTORELEASING = YES;
				CLANG_WARN_BOOL_CONVERSION = YES;
				CLANG_WARN_COMMA = YES;
				CLANG_WARN_CONSTANT_CONVERSION = YES;
				CLANG_WARN_DEPRECATED_OBJC_IMPLEMENTATIONS = YES;
				CLANG_WARN_DIRECT_OBJC_ISA_USAGE = YES_ERROR;
				CLANG_WARN_DOCUMENTATION_COMMENTS = YES;
				CLANG_WARN_EMPTY_BODY = YES;
				CLANG_WARN_ENUM_CONVERSION = YES;
				CLANG_WARN_INFINITE_RECURSION = YES;
				CLANG_WARN_INT_CONVERSION = YES;
				CLANG_WARN_NON_LITERAL_NULL_CONVERSION = YES;
				CLANG_WARN_OBJC_IMPLICIT_RETAIN_SELF = YES;
				CLANG_WARN_OBJC_LITERAL_CONVERSION = YES;
				CLANG_WARN_OBJC_ROOT_CLASS = YES_ERROR;
				CLANG_WARN_QUOTED_INCLUDE_IN_FRAMEWORK_HEADER = YES;
				CLANG_WARN_RANGE_LOOP_ANALYSIS = YES;
				CLANG_WARN_STRICT_PROTOTYPES = YES;
				CLANG_WARN_SUSPICIOUS_MOVE = YES;
				CLANG_WARN_UNGUARDED_AVAILABILITY = YES_AGGRESSIVE;
				CLANG_WARN_UNREACHABLE_CODE = YES;
				CLANG_WARN__DUPLICATE_METHOD_MATCH = YES;
				COPY_PHASE_STRIP = NO;
				DEBUG_INFORMATION_FORMAT = "dwarf-with-dsym";
				ENABLE_NS_ASSERTIONS = NO;
				ENABLE_STRICT_OBJC_MSGSEND = YES;
				GCC_C_LANGUAGE_STANDARD = gnu11;
				GCC_NO_COMMON_BLOCKS = YES;
				GCC_WARN_64_TO_32_BIT_CONVERSION = YES;
				GCC_WARN_ABOUT_RETURN_TYPE = YES_ERROR;
				GCC_WARN_UNDECLARED_SELECTOR = YES;
				GCC_WARN_UNINITIALIZED_AUTOS = YES_AGGRESSIVE;
				GCC_WARN_UNUSED_FUNCTION = YES;
				GCC_WARN_UNUSED_VARIABLE = YES;
				IPHONEOS_DEPLOYMENT_TARGET = 15.0;
				MTL_ENABLE_DEBUG_INFO = NO;
				MTL_FAST_MATH = YES;
				SDKROOT = iphoneos;
				SWIFT_COMPILATION_MODE = wholemodule;
				SWIFT_OPTIMIZATION_LEVEL = "-O";
				VALIDATE_PRODUCT = YES;
			};
			name = Release;
		};
		C6EFF05A2777992900C20B7F /* Debug */ = {
			isa = XCBuildConfiguration;
			baseConfigurationReference = 562160F6E596260E7E21E595 /* Pods-PicoApp.debug.xcconfig */;
			buildSettings = {
				ASSETCATALOG_COMPILER_APPICON_NAME = AppIcon;
				ASSETCATALOG_COMPILER_GLOBAL_ACCENT_COLOR_NAME = AccentColor;
				CODE_SIGN_STYLE = Automatic;
				CURRENT_PROJECT_VERSION = 1;
				DEVELOPMENT_TEAM = 8JR7Z5Y3WF;
				GENERATE_INFOPLIST_FILE = YES;
				INFOPLIST_FILE = PicoApp/resources/Info.plist;
				INFOPLIST_KEY_UIApplicationSupportsIndirectInputEvents = YES;
				INFOPLIST_KEY_UILaunchStoryboardName = LaunchScreen;
				INFOPLIST_KEY_UISupportedInterfaceOrientations = UIInterfaceOrientationPortrait;
				INFOPLIST_KEY_UISupportedInterfaceOrientations_iPad = "UIInterfaceOrientationPortrait UIInterfaceOrientationPortraitUpsideDown UIInterfaceOrientationLandscapeLeft UIInterfaceOrientationLandscapeRight";
				INFOPLIST_KEY_UISupportedInterfaceOrientations_iPhone = "UIInterfaceOrientationPortrait UIInterfaceOrientationLandscapeLeft UIInterfaceOrientationLandscapeRight";
				IPHONEOS_DEPLOYMENT_TARGET = 15.0;
				LD_RUNPATH_SEARCH_PATHS = (
					"$(inherited)",
					"@executable_path/Frameworks",
				);
				MARKETING_VERSION = 1.0;
				PRODUCT_BUNDLE_IDENTIFIER = com.mobiquitytest.PicoApp;
				PRODUCT_NAME = "$(TARGET_NAME)";
				SWIFT_EMIT_LOC_STRINGS = YES;
				SWIFT_VERSION = 5.0;
				TARGETED_DEVICE_FAMILY = 1;
			};
			name = Debug;
		};
		C6EFF05B2777992900C20B7F /* Release */ = {
			isa = XCBuildConfiguration;
			baseConfigurationReference = 8112D7E51AF7F09D1DBEF2D9 /* Pods-PicoApp.release.xcconfig */;
			buildSettings = {
				ASSETCATALOG_COMPILER_APPICON_NAME = AppIcon;
				ASSETCATALOG_COMPILER_GLOBAL_ACCENT_COLOR_NAME = AccentColor;
				CODE_SIGN_STYLE = Automatic;
				CURRENT_PROJECT_VERSION = 1;
				DEVELOPMENT_TEAM = 8JR7Z5Y3WF;
				GENERATE_INFOPLIST_FILE = YES;
				INFOPLIST_FILE = PicoApp/resources/Info.plist;
				INFOPLIST_KEY_UIApplicationSupportsIndirectInputEvents = YES;
				INFOPLIST_KEY_UILaunchStoryboardName = LaunchScreen;
				INFOPLIST_KEY_UISupportedInterfaceOrientations = UIInterfaceOrientationPortrait;
				INFOPLIST_KEY_UISupportedInterfaceOrientations_iPad = "UIInterfaceOrientationPortrait UIInterfaceOrientationPortraitUpsideDown UIInterfaceOrientationLandscapeLeft UIInterfaceOrientationLandscapeRight";
				INFOPLIST_KEY_UISupportedInterfaceOrientations_iPhone = "UIInterfaceOrientationPortrait UIInterfaceOrientationLandscapeLeft UIInterfaceOrientationLandscapeRight";
				IPHONEOS_DEPLOYMENT_TARGET = 15.0;
				LD_RUNPATH_SEARCH_PATHS = (
					"$(inherited)",
					"@executable_path/Frameworks",
				);
				MARKETING_VERSION = 1.0;
				PRODUCT_BUNDLE_IDENTIFIER = com.mobiquitytest.PicoApp;
				PRODUCT_NAME = "$(TARGET_NAME)";
				SWIFT_EMIT_LOC_STRINGS = YES;
				SWIFT_VERSION = 5.0;
				TARGETED_DEVICE_FAMILY = 1;
			};
			name = Release;
		};
		C6EFF05D2777992900C20B7F /* Debug */ = {
			isa = XCBuildConfiguration;
			baseConfigurationReference = F3F57D6B500470B978661217 /* Pods-PicoAppTests.debug.xcconfig */;
			buildSettings = {
				ALWAYS_EMBED_SWIFT_STANDARD_LIBRARIES = YES;
				BUNDLE_LOADER = "$(TEST_HOST)";
				CODE_SIGN_STYLE = Automatic;
				CURRENT_PROJECT_VERSION = 1;
				GENERATE_INFOPLIST_FILE = YES;
				IPHONEOS_DEPLOYMENT_TARGET = 15.0;
				LD_RUNPATH_SEARCH_PATHS = (
					"$(inherited)",
					"@executable_path/Frameworks",
					"@loader_path/Frameworks",
				);
				MARKETING_VERSION = 1.0;
				PRODUCT_BUNDLE_IDENTIFIER = com.mobiquity.PicoAppTests;
				PRODUCT_NAME = "$(TARGET_NAME)";
				SWIFT_EMIT_LOC_STRINGS = NO;
				SWIFT_VERSION = 5.0;
				TARGETED_DEVICE_FAMILY = "1,2";
				TEST_HOST = "$(BUILT_PRODUCTS_DIR)/PicoApp.app/PicoApp";
			};
			name = Debug;
		};
		C6EFF05E2777992900C20B7F /* Release */ = {
			isa = XCBuildConfiguration;
			baseConfigurationReference = 3736C2433BE7E7A34C723CC4 /* Pods-PicoAppTests.release.xcconfig */;
			buildSettings = {
				ALWAYS_EMBED_SWIFT_STANDARD_LIBRARIES = YES;
				BUNDLE_LOADER = "$(TEST_HOST)";
				CODE_SIGN_STYLE = Automatic;
				CURRENT_PROJECT_VERSION = 1;
				GENERATE_INFOPLIST_FILE = YES;
				IPHONEOS_DEPLOYMENT_TARGET = 15.0;
				LD_RUNPATH_SEARCH_PATHS = (
					"$(inherited)",
					"@executable_path/Frameworks",
					"@loader_path/Frameworks",
				);
				MARKETING_VERSION = 1.0;
				PRODUCT_BUNDLE_IDENTIFIER = com.mobiquity.PicoAppTests;
				PRODUCT_NAME = "$(TARGET_NAME)";
				SWIFT_EMIT_LOC_STRINGS = NO;
				SWIFT_VERSION = 5.0;
				TARGETED_DEVICE_FAMILY = "1,2";
				TEST_HOST = "$(BUILT_PRODUCTS_DIR)/PicoApp.app/PicoApp";
			};
			name = Release;
		};
		C6EFF0602777992900C20B7F /* Debug */ = {
			isa = XCBuildConfiguration;
			baseConfigurationReference = C4C8397B23B4AD0256DAE96A /* Pods-PicoApp-PicoAppUITests.debug.xcconfig */;
			buildSettings = {
				ALWAYS_EMBED_SWIFT_STANDARD_LIBRARIES = YES;
				CODE_SIGN_STYLE = Automatic;
				CURRENT_PROJECT_VERSION = 1;
				GENERATE_INFOPLIST_FILE = YES;
				LD_RUNPATH_SEARCH_PATHS = (
					"$(inherited)",
					"@executable_path/Frameworks",
					"@loader_path/Frameworks",
				);
				MARKETING_VERSION = 1.0;
				PRODUCT_BUNDLE_IDENTIFIER = com.mobiquity.PicoAppUITests;
				PRODUCT_NAME = "$(TARGET_NAME)";
				SWIFT_EMIT_LOC_STRINGS = NO;
				SWIFT_VERSION = 5.0;
				TARGETED_DEVICE_FAMILY = "1,2";
				TEST_TARGET_NAME = PicoApp;
			};
			name = Debug;
		};
		C6EFF0612777992900C20B7F /* Release */ = {
			isa = XCBuildConfiguration;
			baseConfigurationReference = E136DDDFD1134520C178513A /* Pods-PicoApp-PicoAppUITests.release.xcconfig */;
			buildSettings = {
				ALWAYS_EMBED_SWIFT_STANDARD_LIBRARIES = YES;
				CODE_SIGN_STYLE = Automatic;
				CURRENT_PROJECT_VERSION = 1;
				GENERATE_INFOPLIST_FILE = YES;
				LD_RUNPATH_SEARCH_PATHS = (
					"$(inherited)",
					"@executable_path/Frameworks",
					"@loader_path/Frameworks",
				);
				MARKETING_VERSION = 1.0;
				PRODUCT_BUNDLE_IDENTIFIER = com.mobiquity.PicoAppUITests;
				PRODUCT_NAME = "$(TARGET_NAME)";
				SWIFT_EMIT_LOC_STRINGS = NO;
				SWIFT_VERSION = 5.0;
				TARGETED_DEVICE_FAMILY = "1,2";
				TEST_TARGET_NAME = PicoApp;
			};
			name = Release;
		};
/* End XCBuildConfiguration section */

/* Begin XCConfigurationList section */
		C6EFF02A2777992600C20B7F /* Build configuration list for PBXProject "PicoApp" */ = {
			isa = XCConfigurationList;
			buildConfigurations = (
				C6EFF0572777992900C20B7F /* Debug */,
				C6EFF0582777992900C20B7F /* Release */,
			);
			defaultConfigurationIsVisible = 0;
			defaultConfigurationName = Release;
		};
		C6EFF0592777992900C20B7F /* Build configuration list for PBXNativeTarget "PicoApp" */ = {
			isa = XCConfigurationList;
			buildConfigurations = (
				C6EFF05A2777992900C20B7F /* Debug */,
				C6EFF05B2777992900C20B7F /* Release */,
			);
			defaultConfigurationIsVisible = 0;
			defaultConfigurationName = Release;
		};
		C6EFF05C2777992900C20B7F /* Build configuration list for PBXNativeTarget "PicoAppTests" */ = {
			isa = XCConfigurationList;
			buildConfigurations = (
				C6EFF05D2777992900C20B7F /* Debug */,
				C6EFF05E2777992900C20B7F /* Release */,
			);
			defaultConfigurationIsVisible = 0;
			defaultConfigurationName = Release;
		};
		C6EFF05F2777992900C20B7F /* Build configuration list for PBXNativeTarget "PicoAppUITests" */ = {
			isa = XCConfigurationList;
			buildConfigurations = (
				C6EFF0602777992900C20B7F /* Debug */,
				C6EFF0612777992900C20B7F /* Release */,
			);
			defaultConfigurationIsVisible = 0;
			defaultConfigurationName = Release;
		};
/* End XCConfigurationList section */
	};
	rootObject = C6EFF0272777992600C20B7F /* Project object */;
}
