// !$*UTF8*$!
{
	archiveVersion = 1;
	classes = {
	};
	objectVersion = 55;
	objects = {

/* Begin PBXBuildFile section */
		C6EFF0332777992600C20B7F /* AppDelegate.swift in Sources */ = {isa = PBXBuildFile; fileRef = C6EFF0322777992600C20B7F /* AppDelegate.swift */; };
		C6EFF0352777992600C20B7F /* SceneDelegate.swift in Sources */ = {isa = PBXBuildFile; fileRef = C6EFF0342777992600C20B7F /* SceneDelegate.swift */; };
		C6EFF0372777992600C20B7F /* ViewController.swift in Sources */ = {isa = PBXBuildFile; fileRef = C6EFF0362777992600C20B7F /* ViewController.swift */; };
		C6EFF03A2777992600C20B7F /* Main.storyboard in Resources */ = {isa = PBXBuildFile; fileRef = C6EFF0382777992600C20B7F /* Main.storyboard */; };
		C6EFF03C2777992900C20B7F /* Assets.xcassets in Resources */ = {isa = PBXBuildFile; fileRef = C6EFF03B2777992900C20B7F /* Assets.xcassets */; };
		C6EFF03F2777992900C20B7F /* LaunchScreen.storyboard in Resources */ = {isa = PBXBuildFile; fileRef = C6EFF03D2777992900C20B7F /* LaunchScreen.storyboard */; };
		C6EFF04A2777992900C20B7F /* PicoAppTests.swift in Sources */ = {isa = PBXBuildFile; fileRef = C6EFF0492777992900C20B7F /* PicoAppTests.swift */; };
		C6EFF0542777992900C20B7F /* PicoAppUITests.swift in Sources */ = {isa = PBXBuildFile; fileRef = C6EFF0532777992900C20B7F /* PicoAppUITests.swift */; };
		C6EFF0562777992900C20B7F /* PicoAppUITestsLaunchTests.swift in Sources */ = {isa = PBXBuildFile; fileRef = C6EFF0552777992900C20B7F /* PicoAppUITestsLaunchTests.swift */; };
/* End PBXBuildFile section */

/* Begin PBXContainerItemProxy section */
		C6EFF0462777992900C20B7F /* PBXContainerItemProxy */ = {
			isa = PBXContainerItemProxy;
			containerPortal = C6EFF0272777992600C20B7F /* Project object */;
			proxyType = 1;
			remoteGlobalIDString = C6EFF02E2777992600C20B7F;
			remoteInfo = PicoApp;
		};
		C6EFF0502777992900C20B7F /* PBXContainerItemProxy */ = {
			isa = PBXContainerItemProxy;
			containerPortal = C6EFF0272777992600C20B7F /* Project object */;
			proxyType = 1;
			remoteGlobalIDString = C6EFF02E2777992600C20B7F;
			remoteInfo = PicoApp;
		};
/* End PBXContainerItemProxy section */

/* Begin PBXFileReference section */
		C6EFF02F2777992600C20B7F /* PicoApp.app */ = {isa = PBXFileReference; explicitFileType = wrapper.application; includeInIndex = 0; path = PicoApp.app; sourceTree = BUILT_PRODUCTS_DIR; };
		C6EFF0322777992600C20B7F /* AppDelegate.swift */ = {isa = PBXFileReference; lastKnownFileType = sourcecode.swift; path = AppDelegate.swift; sourceTree = "<group>"; };
		C6EFF0342777992600C20B7F /* SceneDelegate.swift */ = {isa = PBXFileReference; lastKnownFileType = sourcecode.swift; path = SceneDelegate.swift; sourceTree = "<group>"; };
		C6EFF0362777992600C20B7F /* ViewController.swift */ = {isa = PBXFileReference; lastKnownFileType = sourcecode.swift; path = ViewController.swift; sourceTree = "<group>"; };
		C6EFF0392777992600C20B7F /* Base */ = {isa = PBXFileReference; lastKnownFileType = file.storyboard; name = Base; path = Base.lproj/Main.storyboard; sourceTree = "<group>"; };
		C6EFF03B2777992900C20B7F /* Assets.xcassets */ = {isa = PBXFileReference; lastKnownFileType = folder.assetcatalog; path = Assets.xcassets; sourceTree = "<group>"; };
		C6EFF03E2777992900C20B7F /* Base */ = {isa = PBXFileReference; lastKnownFileType = file.storyboard; name = Base; path = Base.lproj/LaunchScreen.storyboard; sourceTree = "<group>"; };
		C6EFF0402777992900C20B7F /* Info.plist */ = {isa = PBXFileReference; lastKnownFileType = text.plist.xml; path = Info.plist; sourceTree = "<group>"; };
		C6EFF0452777992900C20B7F /* PicoAppTests.xctest */ = {isa = PBXFileReference; explicitFileType = wrapper.cfbundle; includeInIndex = 0; path = PicoAppTests.xctest; sourceTree = BUILT_PRODUCTS_DIR; };
		C6EFF0492777992900C20B7F /* PicoAppTests.swift */ = {isa = PBXFileReference; lastKnownFileType = sourcecode.swift; path = PicoAppTests.swift; sourceTree = "<group>"; };
		C6EFF04F2777992900C20B7F /* PicoAppUITests.xctest */ = {isa = PBXFileReference; explicitFileType = wrapper.cfbundle; includeInIndex = 0; path = PicoAppUITests.xctest; sourceTree = BUILT_PRODUCTS_DIR; };
		C6EFF0532777992900C20B7F /* PicoAppUITests.swift */ = {isa = PBXFileReference; lastKnownFileType = sourcecode.swift; path = PicoAppUITests.swift; sourceTree = "<group>"; };
		C6EFF0552777992900C20B7F /* PicoAppUITestsLaunchTests.swift */ = {isa = PBXFileReference; lastKnownFileType = sourcecode.swift; path = PicoAppUITestsLaunchTests.swift; sourceTree = "<group>"; };
/* End PBXFileReference section */

/* Begin PBXFrameworksBuildPhase section */
		C6EFF02C2777992600C20B7F /* Frameworks */ = {
			isa = PBXFrameworksBuildPhase;
			buildActionMask = 2147483647;
			files = (
			);
			runOnlyForDeploymentPostprocessing = 0;
		};
		C6EFF0422777992900C20B7F /* Frameworks */ = {
			isa = PBXFrameworksBuildPhase;
			buildActionMask = 2147483647;
			files = (
			);
			runOnlyForDeploymentPostprocessing = 0;
		};
		C6EFF04C2777992900C20B7F /* Frameworks */ = {
			isa = PBXFrameworksBuildPhase;
			buildActionMask = 2147483647;
			files = (
			);
			runOnlyForDeploymentPostprocessing = 0;
		};
/* End PBXFrameworksBuildPhase section */

/* Begin PBXGroup section */
		C6EFF0262777992600C20B7F = {
			isa = PBXGroup;
			children = (
				C6EFF0312777992600C20B7F /* PicoApp */,
				C6EFF0482777992900C20B7F /* PicoAppTests */,
				C6EFF0522777992900C20B7F /* PicoAppUITests */,
				C6EFF0302777992600C20B7F /* Products */,
			);
			sourceTree = "<group>";
		};
		C6EFF0302777992600C20B7F /* Products */ = {
			isa = PBXGroup;
			children = (
				C6EFF02F2777992600C20B7F /* PicoApp.app */,
				C6EFF0452777992900C20B7F /* PicoAppTests.xctest */,
				C6EFF04F2777992900C20B7F /* PicoAppUITests.xctest */,
			);
			name = Products;
			sourceTree = "<group>";
		};
		C6EFF0312777992600C20B7F /* PicoApp */ = {
			isa = PBXGroup;
			children = (
				C6EFF0322777992600C20B7F /* AppDelegate.swift */,
				C6EFF0342777992600C20B7F /* SceneDelegate.swift */,
				C6EFF0362777992600C20B7F /* ViewController.swift */,
				C6EFF0382777992600C20B7F /* Main.storyboard */,
				C6EFF03B2777992900C20B7F /* Assets.xcassets */,
				C6EFF03D2777992900C20B7F /* LaunchScreen.storyboard */,
				C6EFF0402777992900C20B7F /* Info.plist */,
			);
			path = PicoApp;
			sourceTree = "<group>";
		};
		C6EFF0482777992900C20B7F /* PicoAppTests */ = {
			isa = PBXGroup;
			children = (
				C6EFF0492777992900C20B7F /* PicoAppTests.swift */,
			);
			path = PicoAppTests;
			sourceTree = "<group>";
		};
		C6EFF0522777992900C20B7F /* PicoAppUITests */ = {
			isa = PBXGroup;
			children = (
				C6EFF0532777992900C20B7F /* PicoAppUITests.swift */,
				C6EFF0552777992900C20B7F /* PicoAppUITestsLaunchTests.swift */,
			);
			path = PicoAppUITests;
			sourceTree = "<group>";
		};
/* End PBXGroup section */

/* Begin PBXNativeTarget section */
		C6EFF02E2777992600C20B7F /* PicoApp */ = {
			isa = PBXNativeTarget;
			buildConfigurationList = C6EFF0592777992900C20B7F /* Build configuration list for PBXNativeTarget "PicoApp" */;
			buildPhases = (
				C6EFF02B2777992600C20B7F /* Sources */,
				C6EFF02C2777992600C20B7F /* Frameworks */,
				C6EFF02D2777992600C20B7F /* Resources */,
			);
			buildRules = (
			);
			dependencies = (
			);
			name = PicoApp;
			productName = PicoApp;
			productReference = C6EFF02F2777992600C20B7F /* PicoApp.app */;
			productType = "com.apple.product-type.application";
		};
		C6EFF0442777992900C20B7F /* PicoAppTests */ = {
			isa = PBXNativeTarget;
			buildConfigurationList = C6EFF05C2777992900C20B7F /* Build configuration list for PBXNativeTarget "PicoAppTests" */;
			buildPhases = (
				C6EFF0412777992900C20B7F /* Sources */,
				C6EFF0422777992900C20B7F /* Frameworks */,
				C6EFF0432777992900C20B7F /* Resources */,
			);
			buildRules = (
			);
			dependencies = (
				C6EFF0472777992900C20B7F /* PBXTargetDependency */,
			);
			name = PicoAppTests;
			productName = PicoAppTests;
			productReference = C6EFF0452777992900C20B7F /* PicoAppTests.xctest */;
			productType = "com.apple.product-type.bundle.unit-test";
		};
		C6EFF04E2777992900C20B7F /* PicoAppUITests */ = {
			isa = PBXNativeTarget;
			buildConfigurationList = C6EFF05F2777992900C20B7F /* Build configuration list for PBXNativeTarget "PicoAppUITests" */;
			buildPhases = (
				C6EFF04B2777992900C20B7F /* Sources */,
				C6EFF04C2777992900C20B7F /* Frameworks */,
				C6EFF04D2777992900C20B7F /* Resources */,
			);
			buildRules = (
			);
			dependencies = (
				C6EFF0512777992900C20B7F /* PBXTargetDependency */,
			);
			name = PicoAppUITests;
			productName = PicoAppUITests;
			productReference = C6EFF04F2777992900C20B7F /* PicoAppUITests.xctest */;
			productType = "com.apple.product-type.bundle.ui-testing";
		};
/* End PBXNativeTarget section */

/* Begin PBXProject section */
		C6EFF0272777992600C20B7F /* Project object */ = {
			isa = PBXProject;
			attributes = {
				BuildIndependentTargetsInParallel = 1;
				LastSwiftUpdateCheck = 1310;
				LastUpgradeCheck = 1310;
				TargetAttributes = {
					C6EFF02E2777992600C20B7F = {
						CreatedOnToolsVersion = 13.1;
					};
					C6EFF0442777992900C20B7F = {
						CreatedOnToolsVersion = 13.1;
						TestTargetID = C6EFF02E2777992600C20B7F;
					};
					C6EFF04E2777992900C20B7F = {
						CreatedOnToolsVersion = 13.1;
						TestTargetID = C6EFF02E2777992600C20B7F;
					};
				};
			};
			buildConfigurationList = C6EFF02A2777992600C20B7F /* Build configuration list for PBXProject "PicoApp" */;
			compatibilityVersion = "Xcode 13.0";
			developmentRegion = en;
			hasScannedForEncodings = 0;
			knownRegions = (
				en,
				Base,
			);
			mainGroup = C6EFF0262777992600C20B7F;
			productRefGroup = C6EFF0302777992600C20B7F /* Products */;
			projectDirPath = "";
			projectRoot = "";
			targets = (
				C6EFF02E2777992600C20B7F /* PicoApp */,
				C6EFF0442777992900C20B7F /* PicoAppTests */,
				C6EFF04E2777992900C20B7F /* PicoAppUITests */,
			);
		};
/* End PBXProject section */

/* Begin PBXResourcesBuildPhase section */
		C6EFF02D2777992600C20B7F /* Resources */ = {
			isa = PBXResourcesBuildPhase;
			buildActionMask = 2147483647;
			files = (
				C6EFF03F2777992900C20B7F /* LaunchScreen.storyboard in Resources */,
				C6EFF03C2777992900C20B7F /* Assets.xcassets in Resources */,
				C6EFF03A2777992600C20B7F /* Main.storyboard in Resources */,
			);
			runOnlyForDeploymentPostprocessing = 0;
		};
		C6EFF0432777992900C20B7F /* Resources */ = {
			isa = PBXResourcesBuildPhase;
			buildActionMask = 2147483647;
			files = (
			);
			runOnlyForDeploymentPostprocessing = 0;
		};
		C6EFF04D2777992900C20B7F /* Resources */ = {
			isa = PBXResourcesBuildPhase;
			buildActionMask = 2147483647;
			files = (
			);
			runOnlyForDeploymentPostprocessing = 0;
		};
/* End PBXResourcesBuildPhase section */

/* Begin PBXSourcesBuildPhase section */
		C6EFF02B2777992600C20B7F /* Sources */ = {
			isa = PBXSourcesBuildPhase;
			buildActionMask = 2147483647;
			files = (
				C6EFF0372777992600C20B7F /* ViewController.swift in Sources */,
				C6EFF0332777992600C20B7F /* AppDelegate.swift in Sources */,
				C6EFF0352777992600C20B7F /* SceneDelegate.swift in Sources */,
			);
			runOnlyForDeploymentPostprocessing = 0;
		};
		C6EFF0412777992900C20B7F /* Sources */ = {
			isa = PBXSourcesBuildPhase;
			buildActionMask = 2147483647;
			files = (
				C6EFF04A2777992900C20B7F /* PicoAppTests.swift in Sources */,
			);
			runOnlyForDeploymentPostprocessing = 0;
		};
		C6EFF04B2777992900C20B7F /* Sources */ = {
			isa = PBXSourcesBuildPhase;
			buildActionMask = 2147483647;
			files = (
				C6EFF0542777992900C20B7F /* PicoAppUITests.swift in Sources */,
				C6EFF0562777992900C20B7F /* PicoAppUITestsLaunchTests.swift in Sources */,
			);
			runOnlyForDeploymentPostprocessing = 0;
		};
/* End PBXSourcesBuildPhase section */

/* Begin PBXTargetDependency section */
		C6EFF0472777992900C20B7F /* PBXTargetDependency */ = {
			isa = PBXTargetDependency;
			target = C6EFF02E2777992600C20B7F /* PicoApp */;
			targetProxy = C6EFF0462777992900C20B7F /* PBXContainerItemProxy */;
		};
		C6EFF0512777992900C20B7F /* PBXTargetDependency */ = {
			isa = PBXTargetDependency;
			target = C6EFF02E2777992600C20B7F /* PicoApp */;
			targetProxy = C6EFF0502777992900C20B7F /* PBXContainerItemProxy */;
		};
/* End PBXTargetDependency section */

/* Begin PBXVariantGroup section */
		C6EFF0382777992600C20B7F /* Main.storyboard */ = {
			isa = PBXVariantGroup;
			children = (
				C6EFF0392777992600C20B7F /* Base */,
			);
			name = Main.storyboard;
			sourceTree = "<group>";
		};
		C6EFF03D2777992900C20B7F /* LaunchScreen.storyboard */ = {
			isa = PBXVariantGroup;
			children = (
				C6EFF03E2777992900C20B7F /* Base */,
			);
			name = LaunchScreen.storyboard;
			sourceTree = "<group>";
		};
/* End PBXVariantGroup section */

/* Begin XCBuildConfiguration section */
		C6EFF0572777992900C20B7F /* Debug */ = {
			isa = XCBuildConfiguration;
			buildSettings = {
				ALWAYS_SEARCH_USER_PATHS = NO;
				CLANG_ANALYZER_NONNULL = YES;
				CLANG_ANALYZER_NUMBER_OBJECT_CONVERSION = YES_AGGRESSIVE;
				CLANG_CXX_LANGUAGE_STANDARD = "gnu++17";
				CLANG_CXX_LIBRARY = "libc++";
				CLANG_ENABLE_MODULES = YES;
				CLANG_ENABLE_OBJC_ARC = YES;
				CLANG_ENABLE_OBJC_WEAK = YES;
				CLANG_WARN_BLOCK_CAPTURE_AUTORELEASING = YES;
				CLANG_WARN_BOOL_CONVERSION = YES;
				CLANG_WARN_COMMA = YES;
				CLANG_WARN_CONSTANT_CONVERSION = YES;
				CLANG_WARN_DEPRECATED_OBJC_IMPLEMENTATIONS = YES;
				CLANG_WARN_DIRECT_OBJC_ISA_USAGE = YES_ERROR;
				CLANG_WARN_DOCUMENTATION_COMMENTS = YES;
				CLANG_WARN_EMPTY_BODY = YES;
				CLANG_WARN_ENUM_CONVERSION = YES;
				CLANG_WARN_INFINITE_RECURSION = YES;
				CLANG_WARN_INT_CONVERSION = YES;
				CLANG_WARN_NON_LITERAL_NULL_CONVERSION = YES;
				CLANG_WARN_OBJC_IMPLICIT_RETAIN_SELF = YES;
				CLANG_WARN_OBJC_LITERAL_CONVERSION = YES;
				CLANG_WARN_OBJC_ROOT_CLASS = YES_ERROR;
				CLANG_WARN_QUOTED_INCLUDE_IN_FRAMEWORK_HEADER = YES;
				CLANG_WARN_RANGE_LOOP_ANALYSIS = YES;
				CLANG_WARN_STRICT_PROTOTYPES = YES;
				CLANG_WARN_SUSPICIOUS_MOVE = YES;
				CLANG_WARN_UNGUARDED_AVAILABILITY = YES_AGGRESSIVE;
				CLANG_WARN_UNREACHABLE_CODE = YES;
				CLANG_WARN__DUPLICATE_METHOD_MATCH = YES;
				COPY_PHASE_STRIP = NO;
				DEBUG_INFORMATION_FORMAT = dwarf;
				ENABLE_STRICT_OBJC_MSGSEND = YES;
				ENABLE_TESTABILITY = YES;
				GCC_C_LANGUAGE_STANDARD = gnu11;
				GCC_DYNAMIC_NO_PIC = NO;
				GCC_NO_COMMON_BLOCKS = YES;
				GCC_OPTIMIZATION_LEVEL = 0;
				GCC_PREPROCESSOR_DEFINITIONS = (
					"DEBUG=1",
					"$(inherited)",
				);
				GCC_WARN_64_TO_32_BIT_CONVERSION = YES;
				GCC_WARN_ABOUT_RETURN_TYPE = YES_ERROR;
				GCC_WARN_UNDECLARED_SELECTOR = YES;
				GCC_WARN_UNINITIALIZED_AUTOS = YES_AGGRESSIVE;
				GCC_WARN_UNUSED_FUNCTION = YES;
				GCC_WARN_UNUSED_VARIABLE = YES;
				IPHONEOS_DEPLOYMENT_TARGET = 15.0;
				MTL_ENABLE_DEBUG_INFO = INCLUDE_SOURCE;
				MTL_FAST_MATH = YES;
				ONLY_ACTIVE_ARCH = YES;
				SDKROOT = iphoneos;
				SWIFT_ACTIVE_COMPILATION_CONDITIONS = DEBUG;
				SWIFT_OPTIMIZATION_LEVEL = "-Onone";
			};
			name = Debug;
		};
		C6EFF0582777992900C20B7F /* Release */ = {
			isa = XCBuildConfiguration;
			buildSettings = {
				ALWAYS_SEARCH_USER_PATHS = NO;
				CLANG_ANALYZER_NONNULL = YES;
				CLANG_ANALYZER_NUMBER_OBJECT_CONVERSION = YES_AGGRESSIVE;
				CLANG_CXX_LANGUAGE_STANDARD = "gnu++17";
				CLANG_CXX_LIBRARY = "libc++";
				CLANG_ENABLE_MODULES = YES;
				CLANG_ENABLE_OBJC_ARC = YES;
				CLANG_ENABLE_OBJC_WEAK = YES;
				CLANG_WARN_BLOCK_CAPTURE_AUTORELEASING = YES;
				CLANG_WARN_BOOL_CONVERSION = YES;
				CLANG_WARN_COMMA = YES;
				CLANG_WARN_CONSTANT_CONVERSION = YES;
				CLANG_WARN_DEPRECATED_OBJC_IMPLEMENTATIONS = YES;
				CLANG_WARN_DIRECT_OBJC_ISA_USAGE = YES_ERROR;
				CLANG_WARN_DOCUMENTATION_COMMENTS = YES;
				CLANG_WARN_EMPTY_BODY = YES;
				CLANG_WARN_ENUM_CONVERSION = YES;
				CLANG_WARN_INFINITE_RECURSION = YES;
				CLANG_WARN_INT_CONVERSION = YES;
				CLANG_WARN_NON_LITERAL_NULL_CONVERSION = YES;
				CLANG_WARN_OBJC_IMPLICIT_RETAIN_SELF = YES;
				CLANG_WARN_OBJC_LITERAL_CONVERSION = YES;
				CLANG_WARN_OBJC_ROOT_CLASS = YES_ERROR;
				CLANG_WARN_QUOTED_INCLUDE_IN_FRAMEWORK_HEADER = YES;
				CLANG_WARN_RANGE_LOOP_ANALYSIS = YES;
				CLANG_WARN_STRICT_PROTOTYPES = YES;
				CLANG_WARN_SUSPICIOUS_MOVE = YES;
				CLANG_WARN_UNGUARDED_AVAILABILITY = YES_AGGRESSIVE;
				CLANG_WARN_UNREACHABLE_CODE = YES;
				CLANG_WARN__DUPLICATE_METHOD_MATCH = YES;
				COPY_PHASE_STRIP = NO;
				DEBUG_INFORMATION_FORMAT = "dwarf-with-dsym";
				ENABLE_NS_ASSERTIONS = NO;
				ENABLE_STRICT_OBJC_MSGSEND = YES;
				GCC_C_LANGUAGE_STANDARD = gnu11;
				GCC_NO_COMMON_BLOCKS = YES;
				GCC_WARN_64_TO_32_BIT_CONVERSION = YES;
				GCC_WARN_ABOUT_RETURN_TYPE = YES_ERROR;
				GCC_WARN_UNDECLARED_SELECTOR = YES;
				GCC_WARN_UNINITIALIZED_AUTOS = YES_AGGRESSIVE;
				GCC_WARN_UNUSED_FUNCTION = YES;
				GCC_WARN_UNUSED_VARIABLE = YES;
				IPHONEOS_DEPLOYMENT_TARGET = 15.0;
				MTL_ENABLE_DEBUG_INFO = NO;
				MTL_FAST_MATH = YES;
				SDKROOT = iphoneos;
				SWIFT_COMPILATION_MODE = wholemodule;
				SWIFT_OPTIMIZATION_LEVEL = "-O";
				VALIDATE_PRODUCT = YES;
			};
			name = Release;
		};
		C6EFF05A2777992900C20B7F /* Debug */ = {
			isa = XCBuildConfiguration;
			buildSettings = {
				ASSETCATALOG_COMPILER_APPICON_NAME = AppIcon;
				ASSETCATALOG_COMPILER_GLOBAL_ACCENT_COLOR_NAME = AccentColor;
				CODE_SIGN_STYLE = Automatic;
				CURRENT_PROJECT_VERSION = 1;
				GENERATE_INFOPLIST_FILE = YES;
				INFOPLIST_FILE = PicoApp/Info.plist;
				INFOPLIST_KEY_UIApplicationSupportsIndirectInputEvents = YES;
				INFOPLIST_KEY_UILaunchStoryboardName = LaunchScreen;
				INFOPLIST_KEY_UIMainStoryboardFile = Main;
				INFOPLIST_KEY_UISupportedInterfaceOrientations_iPad = "UIInterfaceOrientationPortrait UIInterfaceOrientationPortraitUpsideDown UIInterfaceOrientationLandscapeLeft UIInterfaceOrientationLandscapeRight";
				INFOPLIST_KEY_UISupportedInterfaceOrientations_iPhone = "UIInterfaceOrientationPortrait UIInterfaceOrientationLandscapeLeft UIInterfaceOrientationLandscapeRight";
				LD_RUNPATH_SEARCH_PATHS = (
					"$(inherited)",
					"@executable_path/Frameworks",
				);
				MARKETING_VERSION = 1.0;
				PRODUCT_BUNDLE_IDENTIFIER = com.mobiquity.PicoApp;
				PRODUCT_NAME = "$(TARGET_NAME)";
				SWIFT_EMIT_LOC_STRINGS = YES;
				SWIFT_VERSION = 5.0;
				TARGETED_DEVICE_FAMILY = "1,2";
			};
			name = Debug;
		};
		C6EFF05B2777992900C20B7F /* Release */ = {
			isa = XCBuildConfiguration;
			buildSettings = {
				ASSETCATALOG_COMPILER_APPICON_NAME = AppIcon;
				ASSETCATALOG_COMPILER_GLOBAL_ACCENT_COLOR_NAME = AccentColor;
				CODE_SIGN_STYLE = Automatic;
				CURRENT_PROJECT_VERSION = 1;
				GENERATE_INFOPLIST_FILE = YES;
				INFOPLIST_FILE = PicoApp/Info.plist;
				INFOPLIST_KEY_UIApplicationSupportsIndirectInputEvents = YES;
				INFOPLIST_KEY_UILaunchStoryboardName = LaunchScreen;
				INFOPLIST_KEY_UIMainStoryboardFile = Main;
				INFOPLIST_KEY_UISupportedInterfaceOrientations_iPad = "UIInterfaceOrientationPortrait UIInterfaceOrientationPortraitUpsideDown UIInterfaceOrientationLandscapeLeft UIInterfaceOrientationLandscapeRight";
				INFOPLIST_KEY_UISupportedInterfaceOrientations_iPhone = "UIInterfaceOrientationPortrait UIInterfaceOrientationLandscapeLeft UIInterfaceOrientationLandscapeRight";
				LD_RUNPATH_SEARCH_PATHS = (
					"$(inherited)",
					"@executable_path/Frameworks",
				);
				MARKETING_VERSION = 1.0;
				PRODUCT_BUNDLE_IDENTIFIER = com.mobiquity.PicoApp;
				PRODUCT_NAME = "$(TARGET_NAME)";
				SWIFT_EMIT_LOC_STRINGS = YES;
				SWIFT_VERSION = 5.0;
				TARGETED_DEVICE_FAMILY = "1,2";
			};
			name = Release;
		};
		C6EFF05D2777992900C20B7F /* Debug */ = {
			isa = XCBuildConfiguration;
			buildSettings = {
				ALWAYS_EMBED_SWIFT_STANDARD_LIBRARIES = YES;
				BUNDLE_LOADER = "$(TEST_HOST)";
				CODE_SIGN_STYLE = Automatic;
				CURRENT_PROJECT_VERSION = 1;
				GENERATE_INFOPLIST_FILE = YES;
				IPHONEOS_DEPLOYMENT_TARGET = 15.0;
				LD_RUNPATH_SEARCH_PATHS = (
					"$(inherited)",
					"@executable_path/Frameworks",
					"@loader_path/Frameworks",
				);
				MARKETING_VERSION = 1.0;
				PRODUCT_BUNDLE_IDENTIFIER = com.mobiquity.PicoAppTests;
				PRODUCT_NAME = "$(TARGET_NAME)";
				SWIFT_EMIT_LOC_STRINGS = NO;
				SWIFT_VERSION = 5.0;
				TARGETED_DEVICE_FAMILY = "1,2";
				TEST_HOST = "$(BUILT_PRODUCTS_DIR)/PicoApp.app/PicoApp";
			};
			name = Debug;
		};
		C6EFF05E2777992900C20B7F /* Release */ = {
			isa = XCBuildConfiguration;
			buildSettings = {
				ALWAYS_EMBED_SWIFT_STANDARD_LIBRARIES = YES;
				BUNDLE_LOADER = "$(TEST_HOST)";
				CODE_SIGN_STYLE = Automatic;
				CURRENT_PROJECT_VERSION = 1;
				GENERATE_INFOPLIST_FILE = YES;
				IPHONEOS_DEPLOYMENT_TARGET = 15.0;
				LD_RUNPATH_SEARCH_PATHS = (
					"$(inherited)",
					"@executable_path/Frameworks",
					"@loader_path/Frameworks",
				);
				MARKETING_VERSION = 1.0;
				PRODUCT_BUNDLE_IDENTIFIER = com.mobiquity.PicoAppTests;
				PRODUCT_NAME = "$(TARGET_NAME)";
				SWIFT_EMIT_LOC_STRINGS = NO;
				SWIFT_VERSION = 5.0;
				TARGETED_DEVICE_FAMILY = "1,2";
				TEST_HOST = "$(BUILT_PRODUCTS_DIR)/PicoApp.app/PicoApp";
			};
			name = Release;
		};
		C6EFF0602777992900C20B7F /* Debug */ = {
			isa = XCBuildConfiguration;
			buildSettings = {
				ALWAYS_EMBED_SWIFT_STANDARD_LIBRARIES = YES;
				CODE_SIGN_STYLE = Automatic;
				CURRENT_PROJECT_VERSION = 1;
				GENERATE_INFOPLIST_FILE = YES;
				LD_RUNPATH_SEARCH_PATHS = (
					"$(inherited)",
					"@executable_path/Frameworks",
					"@loader_path/Frameworks",
				);
				MARKETING_VERSION = 1.0;
				PRODUCT_BUNDLE_IDENTIFIER = com.mobiquity.PicoAppUITests;
				PRODUCT_NAME = "$(TARGET_NAME)";
				SWIFT_EMIT_LOC_STRINGS = NO;
				SWIFT_VERSION = 5.0;
				TARGETED_DEVICE_FAMILY = "1,2";
				TEST_TARGET_NAME = PicoApp;
			};
			name = Debug;
		};
		C6EFF0612777992900C20B7F /* Release */ = {
			isa = XCBuildConfiguration;
			buildSettings = {
				ALWAYS_EMBED_SWIFT_STANDARD_LIBRARIES = YES;
				CODE_SIGN_STYLE = Automatic;
				CURRENT_PROJECT_VERSION = 1;
				GENERATE_INFOPLIST_FILE = YES;
				LD_RUNPATH_SEARCH_PATHS = (
					"$(inherited)",
					"@executable_path/Frameworks",
					"@loader_path/Frameworks",
				);
				MARKETING_VERSION = 1.0;
				PRODUCT_BUNDLE_IDENTIFIER = com.mobiquity.PicoAppUITests;
				PRODUCT_NAME = "$(TARGET_NAME)";
				SWIFT_EMIT_LOC_STRINGS = NO;
				SWIFT_VERSION = 5.0;
				TARGETED_DEVICE_FAMILY = "1,2";
				TEST_TARGET_NAME = PicoApp;
			};
			name = Release;
		};
/* End XCBuildConfiguration section */

/* Begin XCConfigurationList section */
		C6EFF02A2777992600C20B7F /* Build configuration list for PBXProject "PicoApp" */ = {
			isa = XCConfigurationList;
			buildConfigurations = (
				C6EFF0572777992900C20B7F /* Debug */,
				C6EFF0582777992900C20B7F /* Release */,
			);
			defaultConfigurationIsVisible = 0;
			defaultConfigurationName = Release;
		};
		C6EFF0592777992900C20B7F /* Build configuration list for PBXNativeTarget "PicoApp" */ = {
			isa = XCConfigurationList;
			buildConfigurations = (
				C6EFF05A2777992900C20B7F /* Debug */,
				C6EFF05B2777992900C20B7F /* Release */,
			);
			defaultConfigurationIsVisible = 0;
			defaultConfigurationName = Release;
		};
		C6EFF05C2777992900C20B7F /* Build configuration list for PBXNativeTarget "PicoAppTests" */ = {
			isa = XCConfigurationList;
			buildConfigurations = (
				C6EFF05D2777992900C20B7F /* Debug */,
				C6EFF05E2777992900C20B7F /* Release */,
			);
			defaultConfigurationIsVisible = 0;
			defaultConfigurationName = Release;
		};
		C6EFF05F2777992900C20B7F /* Build configuration list for PBXNativeTarget "PicoAppUITests" */ = {
			isa = XCConfigurationList;
			buildConfigurations = (
				C6EFF0602777992900C20B7F /* Debug */,
				C6EFF0612777992900C20B7F /* Release */,
			);
			defaultConfigurationIsVisible = 0;
			defaultConfigurationName = Release;
		};
/* End XCConfigurationList section */
	};
	rootObject = C6EFF0272777992600C20B7F /* Project object */;
}
